
Microsoft Visual Studio Solution File, Format Version 12.00
# Visual Studio Version 17
VisualStudioVersion = 17.8.34330.188
MinimumVisualStudioVersion = 10.0.40219.1
Project("{9A19103F-16F7-4668-BE54-9A1E7A4F7556}") = "MPowerKit.Navigation", "MPowerKit.Navigation\MPowerKit.Navigation.csproj", "{5BCF7B7F-23CB-4656-85EC-64183984CC96}"
EndProject
Project("{9A19103F-16F7-4668-BE54-9A1E7A4F7556}") = "MPowerKit.Navigation.Core", "MPowerKit.Navigation.Core\MPowerKit.Navigation.Core.csproj", "{917C4133-A153-435E-B9A5-BD8FE509F713}"
EndProject
Project("{9A19103F-16F7-4668-BE54-9A1E7A4F7556}") = "MPowerKit.Regions", "MPowerKit.Regions\MPowerKit.Regions.csproj", "{D79BC6DD-A3C2-44BC-B5E5-0F850BB71DEB}"
EndProject
Project("{9A19103F-16F7-4668-BE54-9A1E7A4F7556}") = "Sample", "Sample\Sample.csproj", "{FF82C489-0084-4991-97A9-8A88D7525A41}"
EndProject
Project("{9A19103F-16F7-4668-BE54-9A1E7A4F7556}") = "MPowerKit.Navigation.Popups", "MPowerKit.Navigation.Popups\MPowerKit.Navigation.Popups.csproj", "{B40002E4-8D7D-4569-A5AC-D7118BB29461}"
EndProject
Project("{9A19103F-16F7-4668-BE54-9A1E7A4F7556}") = "MPowerKit.Popups", "..\MPowerKit.Popups\MPowerKit.Popups\MPowerKit.Popups.csproj", "{BDDEB00A-7EB5-49E8-8DEA-1BEE7CA81632}"
EndProject
Global
	GlobalSection(SolutionConfigurationPlatforms) = preSolution
		Debug|Any CPU = Debug|Any CPU
		Release|Any CPU = Release|Any CPU
	EndGlobalSection
	GlobalSection(ProjectConfigurationPlatforms) = postSolution
		{5BCF7B7F-23CB-4656-85EC-64183984CC96}.Debug|Any CPU.ActiveCfg = Debug|Any CPU
		{5BCF7B7F-23CB-4656-85EC-64183984CC96}.Debug|Any CPU.Build.0 = Debug|Any CPU
		{5BCF7B7F-23CB-4656-85EC-64183984CC96}.Release|Any CPU.ActiveCfg = Release|Any CPU
		{5BCF7B7F-23CB-4656-85EC-64183984CC96}.Release|Any CPU.Build.0 = Release|Any CPU
		{917C4133-A153-435E-B9A5-BD8FE509F713}.Debug|Any CPU.ActiveCfg = Debug|Any CPU
		{917C4133-A153-435E-B9A5-BD8FE509F713}.Debug|Any CPU.Build.0 = Debug|Any CPU
		{917C4133-A153-435E-B9A5-BD8FE509F713}.Release|Any CPU.ActiveCfg = Release|Any CPU
		{917C4133-A153-435E-B9A5-BD8FE509F713}.Release|Any CPU.Build.0 = Release|Any CPU
		{D79BC6DD-A3C2-44BC-B5E5-0F850BB71DEB}.Debug|Any CPU.ActiveCfg = Debug|Any CPU
		{D79BC6DD-A3C2-44BC-B5E5-0F850BB71DEB}.Debug|Any CPU.Build.0 = Debug|Any CPU
		{D79BC6DD-A3C2-44BC-B5E5-0F850BB71DEB}.Release|Any CPU.ActiveCfg = Release|Any CPU
		{D79BC6DD-A3C2-44BC-B5E5-0F850BB71DEB}.Release|Any CPU.Build.0 = Release|Any CPU
		{FF82C489-0084-4991-97A9-8A88D7525A41}.Debug|Any CPU.ActiveCfg = Debug|Any CPU
		{FF82C489-0084-4991-97A9-8A88D7525A41}.Debug|Any CPU.Build.0 = Debug|Any CPU
		{FF82C489-0084-4991-97A9-8A88D7525A41}.Debug|Any CPU.Deploy.0 = Debug|Any CPU
		{FF82C489-0084-4991-97A9-8A88D7525A41}.Release|Any CPU.ActiveCfg = Release|Any CPU
		{FF82C489-0084-4991-97A9-8A88D7525A41}.Release|Any CPU.Build.0 = Release|Any CPU
		{FF82C489-0084-4991-97A9-8A88D7525A41}.Release|Any CPU.Deploy.0 = Release|Any CPU
		{B40002E4-8D7D-4569-A5AC-D7118BB29461}.Debug|Any CPU.ActiveCfg = Debug|Any CPU
		{B40002E4-8D7D-4569-A5AC-D7118BB29461}.Debug|Any CPU.Build.0 = Debug|Any CPU
		{B40002E4-8D7D-4569-A5AC-D7118BB29461}.Release|Any CPU.ActiveCfg = Release|Any CPU
		{B40002E4-8D7D-4569-A5AC-D7118BB29461}.Release|Any CPU.Build.0 = Release|Any CPU
		{BDDEB00A-7EB5-49E8-8DEA-1BEE7CA81632}.Debug|Any CPU.ActiveCfg = Debug|Any CPU
		{BDDEB00A-7EB5-49E8-8DEA-1BEE7CA81632}.Debug|Any CPU.Build.0 = Debug|Any CPU
		{BDDEB00A-7EB5-49E8-8DEA-1BEE7CA81632}.Release|Any CPU.ActiveCfg = Release|Any CPU
		{BDDEB00A-7EB5-49E8-8DEA-1BEE7CA81632}.Release|Any CPU.Build.0 = Release|Any CPU
	EndGlobalSection
	GlobalSection(SolutionProperties) = preSolution
		HideSolutionNode = FALSE
	EndGlobalSection
	GlobalSection(ExtensibilityGlobals) = postSolution
		SolutionGuid = {58EDCB6D-91B1-47CE-B8C6-9FB898A05D2A}
	EndGlobalSection
EndGlobal
